
Microsoft Visual Studio Solution File, Format Version 12.00
# Visual Studio Version 17
VisualStudioVersion = 17.10.35027.167
MinimumVisualStudioVersion = 10.0.40219.1
Project("{8BC9CEB8-8B4A-11D0-8D11-00A0C91BC942}") = "variabledeclarations", "variabledeclarations.vcxproj", "{12D94EF3-A900-442A-BC9C-5998EC8A8C1F}"
EndProject
Global
	GlobalSection(SolutionConfigurationPlatforms) = preSolution
		Debug|x64 = Debug|x64
		Debug|x86 = Debug|x86
		Release|x64 = Release|x64
		Release|x86 = Release|x86
	EndGlobalSection
	GlobalSection(ProjectConfigurationPlatforms) = postSolution
		{12D94EF3-A900-442A-BC9C-5998EC8A8C1F}.Debug|x64.ActiveCfg = Debug|x64
		{12D94EF3-A900-442A-BC9C-5998EC8A8C1F}.Debug|x64.Build.0 = Debug|x64
		{12D94EF3-A900-442A-BC9C-5998EC8A8C1F}.Debug|x86.ActiveCfg = Debug|Win32
		{12D94EF3-A900-442A-BC9C-5998EC8A8C1F}.Debug|x86.Build.0 = Debug|Win32
		{12D94EF3-A900-442A-BC9C-5998EC8A8C1F}.Release|x64.ActiveCfg = Release|x64
		{12D94EF3-A900-442A-BC9C-5998EC8A8C1F}.Release|x64.Build.0 = Release|x64
		{12D94EF3-A900-442A-BC9C-5998EC8A8C1F}.Release|x86.ActiveCfg = Release|Win32
		{12D94EF3-A900-442A-BC9C-5998EC8A8C1F}.Release|x86.Build.0 = Release|Win32
	EndGlobalSection
	GlobalSection(SolutionProperties) = preSolution
		HideSolutionNode = FALSE
	EndGlobalSection
	GlobalSection(ExtensibilityGlobals) = postSolution
		SolutionGuid = {F2816814-16A4-411C-8E9D-5D1C351A4978}
	EndGlobalSection
EndGlobal
